// !$*UTF8*$!
{
	archiveVersion = 1;
	classes = {
	};
	objectVersion = 45;
	objects = {

/* Begin PBXBuildFile section */
		1D3623260D0F684500981E51 /* iChmAppDelegate.m in Sources */ = {isa = PBXBuildFile; fileRef = 1D3623250D0F684500981E51 /* iChmAppDelegate.m */; };
		1D60589B0D05DD56006BFB54 /* main.m in Sources */ = {isa = PBXBuildFile; fileRef = 29B97316FDCFA39411CA2CEA /* main.m */; };
		1D60589F0D05DD5A006BFB54 /* Foundation.framework in Frameworks */ = {isa = PBXBuildFile; fileRef = 1D30AB110D05D00D00671497 /* Foundation.framework */; };
		1DF5F4E00D08C38300B7A737 /* UIKit.framework in Frameworks */ = {isa = PBXBuildFile; fileRef = 1DF5F4DF0D08C38300B7A737 /* UIKit.framework */; };
		2892E4100DC94CBA00A64D0F /* CoreGraphics.framework in Frameworks */ = {isa = PBXBuildFile; fileRef = 2892E40F0DC94CBA00A64D0F /* CoreGraphics.framework */; };
		28C286E10D94DF7D0034E888 /* RootViewController.m in Sources */ = {isa = PBXBuildFile; fileRef = 28C286E00D94DF7D0034E888 /* RootViewController.m */; };
		C31E6E430EB5FF0100A685CA /* toc.png in Resources */ = {isa = PBXBuildFile; fileRef = C31E6E420EB5FF0100A685CA /* toc.png */; };
		C31E6E4B0EB601D600A685CA /* idx.png in Resources */ = {isa = PBXBuildFile; fileRef = C31E6E4A0EB601D600A685CA /* idx.png */; };
		C3230A8F0E9BB1820011C900 /* TableOfContentController.m in Sources */ = {isa = PBXBuildFile; fileRef = C3230A8E0E9BB1820011C900 /* TableOfContentController.m */; };
		C3230ABB0E9BB46E0011C900 /* chm_lib.c in Sources */ = {isa = PBXBuildFile; fileRef = C3230AB70E9BB46D0011C900 /* chm_lib.c */; };
		C3230ABC0E9BB46E0011C900 /* lzx.c in Sources */ = {isa = PBXBuildFile; fileRef = C3230ABA0E9BB46E0011C900 /* lzx.c */; };
		C3230AC00E9BB4A50011C900 /* CHMDocument.m in Sources */ = {isa = PBXBuildFile; fileRef = C3230ABF0E9BB4A50011C900 /* CHMDocument.m */; };
		C32D57FF0EA38F83002D02DC /* AsyncSocket.m in Sources */ = {isa = PBXBuildFile; fileRef = C32D57F00EA38F82002D02DC /* AsyncSocket.m */; };
		C32D58000EA38F83002D02DC /* DDData.m in Sources */ = {isa = PBXBuildFile; fileRef = C32D57F20EA38F82002D02DC /* DDData.m */; };
		C32D58010EA38F83002D02DC /* DDNumber.m in Sources */ = {isa = PBXBuildFile; fileRef = C32D57F40EA38F82002D02DC /* DDNumber.m */; };
		C32D58020EA38F83002D02DC /* DDRange.m in Sources */ = {isa = PBXBuildFile; fileRef = C32D57F60EA38F82002D02DC /* DDRange.m */; };
		C32D58030EA38F83002D02DC /* HTTPAuthenticationRequest.m in Sources */ = {isa = PBXBuildFile; fileRef = C32D57F80EA38F83002D02DC /* HTTPAuthenticationRequest.m */; };
		C32D58040EA38F83002D02DC /* HTTPConnection.m in Sources */ = {isa = PBXBuildFile; fileRef = C32D57FA0EA38F83002D02DC /* HTTPConnection.m */; };
		C32D58050EA38F83002D02DC /* HTTPResponse.m in Sources */ = {isa = PBXBuildFile; fileRef = C32D57FC0EA38F83002D02DC /* HTTPResponse.m */; };
		C32D58060EA38F83002D02DC /* HTTPServer.m in Sources */ = {isa = PBXBuildFile; fileRef = C32D57FE0EA38F83002D02DC /* HTTPServer.m */; };
		C32D580F0EA391A8002D02DC /* CFNetwork.framework in Frameworks */ = {isa = PBXBuildFile; fileRef = C32D580E0EA391A8002D02DC /* CFNetwork.framework */; };
		C32D58480EA39502002D02DC /* FileManager.xib in Resources */ = {isa = PBXBuildFile; fileRef = C32D58470EA39502002D02DC /* FileManager.xib */; };
		C32D584C0EA39532002D02DC /* FileManagerController.m in Sources */ = {isa = PBXBuildFile; fileRef = C32D584B0EA39532002D02DC /* FileManagerController.m */; };
		C3576D6B0EB97218001BF046 /* Entitlements.plist in Resources */ = {isa = PBXBuildFile; fileRef = C3576D6A0EB97218001BF046 /* Entitlements.plist */; };
		C362391D0EDA645E003C16BF /* up.png in Resources */ = {isa = PBXBuildFile; fileRef = C362391B0EDA645E003C16BF /* up.png */; };
		C362391E0EDA645E003C16BF /* down.png in Resources */ = {isa = PBXBuildFile; fileRef = C362391C0EDA645E003C16BF /* down.png */; };
		C36239200EDA671E003C16BF /* fullscreen.png in Resources */ = {isa = PBXBuildFile; fileRef = C362391F0EDA671E003C16BF /* fullscreen.png */; };
		C36239240EDA7120003C16BF /* defullscreen.png in Resources */ = {isa = PBXBuildFile; fileRef = C36239230EDA7120003C16BF /* defullscreen.png */; };
		C37576F40EB7516100A85FC6 /* rb32.png in Resources */ = {isa = PBXBuildFile; fileRef = C37576F30EB7516100A85FC6 /* rb32.png */; };
		C37577490EB7695900A85FC6 /* about.xib in Resources */ = {isa = PBXBuildFile; fileRef = C37577480EB7695900A85FC6 /* about.xib */; };
		C37577520EB76D6E00A85FC6 /* AboutPageController.m in Sources */ = {isa = PBXBuildFile; fileRef = C37577510EB76D6E00A85FC6 /* AboutPageController.m */; };
		C37577B20EB776EF00A85FC6 /* credits.plist in Resources */ = {isa = PBXBuildFile; fileRef = C37577B10EB776EF00A85FC6 /* credits.plist */; };
		C375782F0EB77FFD00A85FC6 /* rb32.png in CopyFiles */ = {isa = PBXBuildFile; fileRef = C37576F30EB7516100A85FC6 /* rb32.png */; };
		C382A1480EB6D21300F408BD /* home.png in Resources */ = {isa = PBXBuildFile; fileRef = C382A1470EB6D21300F408BD /* home.png */; };
		C382A1BF0EB7176C00F408BD /* uparrow.png in Resources */ = {isa = PBXBuildFile; fileRef = C382A1BE0EB7176C00F408BD /* uparrow.png */; };
		C38E6A7F0ED10BEA00565F61 /* rb48.png in Resources */ = {isa = PBXBuildFile; fileRef = C38E6A7E0ED10BEA00565F61 /* rb48.png */; };
		C39366820E9C86D9001EA28D /* ITSSProtocol.m in Sources */ = {isa = PBXBuildFile; fileRef = C39366810E9C86D9001EA28D /* ITSSProtocol.m */; };
		C393669E0E9C8B23001EA28D /* CHMTableOfContent.m in Sources */ = {isa = PBXBuildFile; fileRef = C393669D0E9C8B23001EA28D /* CHMTableOfContent.m */; };
		C393679F0E9CAF0E001EA28D /* libxml2.2.dylib in Frameworks */ = {isa = PBXBuildFile; fileRef = C393679E0E9CAF0E001EA28D /* libxml2.2.dylib */; };
		C39367EB0E9CBBD3001EA28D /* CHMBrowserController.m in Sources */ = {isa = PBXBuildFile; fileRef = C39367EA0E9CBBD3001EA28D /* CHMBrowserController.m */; };
		C39368680E9CF1C7001EA28D /* RootViewController.xib in Resources */ = {isa = PBXBuildFile; fileRef = C39368670E9CF1C7001EA28D /* RootViewController.xib */; };
		C393686A0E9CF1D7001EA28D /* MainWindow.xib in Resources */ = {isa = PBXBuildFile; fileRef = C39368690E9CF1D7001EA28D /* MainWindow.xib */; };
		C393686C0E9CF1E1001EA28D /* TableOfContent.xib in Resources */ = {isa = PBXBuildFile; fileRef = C393686B0E9CF1E1001EA28D /* TableOfContent.xib */; };
		C393686E0E9CF1EB001EA28D /* CHMBrowser.xib in Resources */ = {isa = PBXBuildFile; fileRef = C393686D0E9CF1EB001EA28D /* CHMBrowser.xib */; };
		C3A498200EDBDF4400997EF0 /* zoomtofit.png in Resources */ = {isa = PBXBuildFile; fileRef = C3A4981F0EDBDF4400997EF0 /* zoomtofit.png */; };
		C3A499BB0EDC4ED300997EF0 /* spine.png in Resources */ = {isa = PBXBuildFile; fileRef = C3A499BA0EDC4ED300997EF0 /* spine.png */; };
		C3BFD1660EB594D800ED86F1 /* titlebg.png in Resources */ = {isa = PBXBuildFile; fileRef = C3BFD1650EB594D800ED86F1 /* titlebg.png */; };
		C3BFD1810EB5A9DA00ED86F1 /* bg.png in Resources */ = {isa = PBXBuildFile; fileRef = C3BFD17F0EB5A9DA00ED86F1 /* bg.png */; };
		C3BFD1820EB5A9DA00ED86F1 /* theadbg.png in Resources */ = {isa = PBXBuildFile; fileRef = C3BFD1800EB5A9DA00ED86F1 /* theadbg.png */; };
		C3BFD1830EB5A9E200ED86F1 /* bg.png in CopyFiles */ = {isa = PBXBuildFile; fileRef = C3BFD17F0EB5A9DA00ED86F1 /* bg.png */; };
		C3BFD1840EB5A9E200ED86F1 /* theadbg.png in CopyFiles */ = {isa = PBXBuildFile; fileRef = C3BFD1800EB5A9DA00ED86F1 /* theadbg.png */; };
		C3BFD1850EB5A9E200ED86F1 /* titlebg.png in CopyFiles */ = {isa = PBXBuildFile; fileRef = C3BFD1650EB594D800ED86F1 /* titlebg.png */; };
		C3BFD1DD0EB5BA6500ED86F1 /* redbird.png in Resources */ = {isa = PBXBuildFile; fileRef = C3BFD1DC0EB5BA6500ED86F1 /* redbird.png */; };
		C3E8820A0EA43DBE00DE82FB /* RegexKitLite.m in Sources */ = {isa = PBXBuildFile; fileRef = C3E882090EA43DBE00DE82FB /* RegexKitLite.m */; };
		C3E8822D0EA4479300DE82FB /* index.html in CopyFiles */ = {isa = PBXBuildFile; fileRef = C3E8820E0EA4421000DE82FB /* index.html */; };
		C3EAB8230E9DCC3000268541 /* right.png in Resources */ = {isa = PBXBuildFile; fileRef = C3EAB8210E9DCC3000268541 /* right.png */; };
		C3EAB8240E9DCC3000268541 /* left.png in Resources */ = {isa = PBXBuildFile; fileRef = C3EAB8220E9DCC3000268541 /* left.png */; };
		C3EAB82E0E9DDA8300268541 /* Localizable.strings in Resources */ = {isa = PBXBuildFile; fileRef = C3EAB82D0E9DDA8300268541 /* Localizable.strings */; };
		C3EAB9AE0E9E2F0D00268541 /* IndexController.xib in Resources */ = {isa = PBXBuildFile; fileRef = C3EAB9AD0E9E2F0D00268541 /* IndexController.xib */; };
		C3EAB9B20E9E2F3300268541 /* IndexController.m in Sources */ = {isa = PBXBuildFile; fileRef = C3EAB9B10E9E2F3300268541 /* IndexController.m */; };
		C3F11F440EA86E14004B4B46 /* FileResource.m in Sources */ = {isa = PBXBuildFile; fileRef = C3F11F430EA86E14004B4B46 /* FileResource.m */; };
		C3F9E53F0EB1C18600DD0D7A /* jquery.js in CopyFiles */ = {isa = PBXBuildFile; fileRef = C3F9E5330EB1C05A00DD0D7A /* jquery.js */; };
		C3FB6DC10ED82DE10043ABCF /* filemanager.jpg in CopyFiles */ = {isa = PBXBuildFile; fileRef = C3FB6DA00ED82D6C0043ABCF /* filemanager.jpg */; };
		C3FB6DC20ED82DE10043ABCF /* fm-browser.png in CopyFiles */ = {isa = PBXBuildFile; fileRef = C3FB6DA10ED82D6C0043ABCF /* fm-browser.png */; };
		C3FB6DC30ED82DE10043ABCF /* fm.png in CopyFiles */ = {isa = PBXBuildFile; fileRef = C3FB6DA20ED82D6C0043ABCF /* fm.png */; };
		C3FB6DC40ED82DE10043ABCF /* help.html in CopyFiles */ = {isa = PBXBuildFile; fileRef = C3FB6DA30ED82D6C0043ABCF /* help.html */; };
		C3FB6DC50ED82DE10043ABCF /* rb48.png in CopyFiles */ = {isa = PBXBuildFile; fileRef = C3FB6DA40ED82D6C0043ABCF /* rb48.png */; };
		C3FB6DC60ED82DE10043ABCF /* root.png in CopyFiles */ = {isa = PBXBuildFile; fileRef = C3FB6DA50ED82D6C0043ABCF /* root.png */; };
		C3FB6DC70ED82DE10043ABCF /* titlebg.png in CopyFiles */ = {isa = PBXBuildFile; fileRef = C3FB6DA60ED82D6C0043ABCF /* titlebg.png */; };
		C3FB6DC80ED82DE10043ABCF /* toolbar.png in CopyFiles */ = {isa = PBXBuildFile; fileRef = C3FB6DA70ED82D6C0043ABCF /* toolbar.png */; };
		C3FB6DC90ED82DE10043ABCF /* url.png in CopyFiles */ = {isa = PBXBuildFile; fileRef = C3FB6DA80ED82D6C0043ABCF /* url.png */; };
		C3FB6DDF0ED82E5F0043ABCF /* Help.xib in Resources */ = {isa = PBXBuildFile; fileRef = C3FB6DDE0ED82E5F0043ABCF /* Help.xib */; };
		C3FB6DE30ED82E900043ABCF /* HelpViewController.m in Sources */ = {isa = PBXBuildFile; fileRef = C3FB6DE20ED82E900043ABCF /* HelpViewController.m */; };
/* End PBXBuildFile section */

/* Begin PBXCopyFilesBuildPhase section */
		C3BFD1750EB5952C00ED86F1 /* CopyFiles */ = {
			isa = PBXCopyFilesBuildPhase;
			buildActionMask = 2147483647;
			dstPath = webimages;
			dstSubfolderSpec = 7;
			files = (
				C375782F0EB77FFD00A85FC6 /* rb32.png in CopyFiles */,
				C3BFD1830EB5A9E200ED86F1 /* bg.png in CopyFiles */,
				C3BFD1840EB5A9E200ED86F1 /* theadbg.png in CopyFiles */,
				C3BFD1850EB5A9E200ED86F1 /* titlebg.png in CopyFiles */,
			);
			runOnlyForDeploymentPostprocessing = 0;
		};
		C3E882300EA447BE00DE82FB /* CopyFiles */ = {
			isa = PBXCopyFilesBuildPhase;
			buildActionMask = 2147483647;
			dstPath = localized_docroot;
			dstSubfolderSpec = 12;
			files = (
				C3E8822D0EA4479300DE82FB /* index.html in CopyFiles */,
			);
			runOnlyForDeploymentPostprocessing = 0;
		};
		C3F9E53E0EB1C13500DD0D7A /* CopyFiles */ = {
			isa = PBXCopyFilesBuildPhase;
			buildActionMask = 2147483647;
			dstPath = scripts;
			dstSubfolderSpec = 7;
			files = (
				C3F9E53F0EB1C18600DD0D7A /* jquery.js in CopyFiles */,
			);
			runOnlyForDeploymentPostprocessing = 0;
		};
		C3FB6DDA0ED82DEC0043ABCF /* CopyFiles */ = {
			isa = PBXCopyFilesBuildPhase;
			buildActionMask = 2147483647;
			dstPath = help_doc;
			dstSubfolderSpec = 7;
			files = (
				C3FB6DC10ED82DE10043ABCF /* filemanager.jpg in CopyFiles */,
				C3FB6DC20ED82DE10043ABCF /* fm-browser.png in CopyFiles */,
				C3FB6DC30ED82DE10043ABCF /* fm.png in CopyFiles */,
				C3FB6DC40ED82DE10043ABCF /* help.html in CopyFiles */,
				C3FB6DC50ED82DE10043ABCF /* rb48.png in CopyFiles */,
				C3FB6DC60ED82DE10043ABCF /* root.png in CopyFiles */,
				C3FB6DC70ED82DE10043ABCF /* titlebg.png in CopyFiles */,
				C3FB6DC80ED82DE10043ABCF /* toolbar.png in CopyFiles */,
				C3FB6DC90ED82DE10043ABCF /* url.png in CopyFiles */,
			);
			runOnlyForDeploymentPostprocessing = 0;
		};
/* End PBXCopyFilesBuildPhase section */

/* Begin PBXFileReference section */
		1D30AB110D05D00D00671497 /* Foundation.framework */ = {isa = PBXFileReference; lastKnownFileType = wrapper.framework; name = Foundation.framework; path = System/Library/Frameworks/Foundation.framework; sourceTree = SDKROOT; };
		1D3623240D0F684500981E51 /* iChmAppDelegate.h */ = {isa = PBXFileReference; fileEncoding = 4; lastKnownFileType = sourcecode.c.h; path = iChmAppDelegate.h; sourceTree = "<group>"; };
		1D3623250D0F684500981E51 /* iChmAppDelegate.m */ = {isa = PBXFileReference; fileEncoding = 4; lastKnownFileType = sourcecode.c.objc; path = iChmAppDelegate.m; sourceTree = "<group>"; };
		1D6058910D05DD3D006BFB54 /* iChm.app */ = {isa = PBXFileReference; explicitFileType = wrapper.application; includeInIndex = 0; path = iChm.app; sourceTree = BUILT_PRODUCTS_DIR; };
		1DF5F4DF0D08C38300B7A737 /* UIKit.framework */ = {isa = PBXFileReference; lastKnownFileType = wrapper.framework; name = UIKit.framework; path = System/Library/Frameworks/UIKit.framework; sourceTree = SDKROOT; };
		2892E40F0DC94CBA00A64D0F /* CoreGraphics.framework */ = {isa = PBXFileReference; lastKnownFileType = wrapper.framework; name = CoreGraphics.framework; path = System/Library/Frameworks/CoreGraphics.framework; sourceTree = SDKROOT; };
		2899E55F0DE3E45000AC0155 /* English */ = {isa = PBXFileReference; lastKnownFileType = file.xib; name = English; path = English.lproj/RootViewController.xib; sourceTree = "<group>"; };
		28A0AAE50D9B0CCF005BE974 /* iChm_Prefix.pch */ = {isa = PBXFileReference; fileEncoding = 4; lastKnownFileType = sourcecode.c.h; path = iChm_Prefix.pch; sourceTree = "<group>"; };
		28AD735F0D9D9599002E5188 /* English */ = {isa = PBXFileReference; lastKnownFileType = file.xib; name = English; path = English.lproj/MainWindow.xib; sourceTree = "<group>"; };
		28C286DF0D94DF7D0034E888 /* RootViewController.h */ = {isa = PBXFileReference; fileEncoding = 4; lastKnownFileType = sourcecode.c.h; path = RootViewController.h; sourceTree = "<group>"; };
		28C286E00D94DF7D0034E888 /* RootViewController.m */ = {isa = PBXFileReference; fileEncoding = 4; lastKnownFileType = sourcecode.c.objc; path = RootViewController.m; sourceTree = "<group>"; };
		29B97316FDCFA39411CA2CEA /* main.m */ = {isa = PBXFileReference; fileEncoding = 4; lastKnownFileType = sourcecode.c.objc; path = main.m; sourceTree = "<group>"; };
		8D1107310486CEB800E47090 /* Info.plist */ = {isa = PBXFileReference; fileEncoding = 4; lastKnownFileType = text.plist.xml; path = Info.plist; sourceTree = "<group>"; };
		C3065E140EADBF5B007A08A6 /* MovableTableViewIndex.h */ = {isa = PBXFileReference; fileEncoding = 4; lastKnownFileType = sourcecode.c.h; path = MovableTableViewIndex.h; sourceTree = "<group>"; };
		C31E6E420EB5FF0100A685CA /* toc.png */ = {isa = PBXFileReference; lastKnownFileType = image.png; name = toc.png; path = images/toc.png; sourceTree = "<group>"; };
		C31E6E4A0EB601D600A685CA /* idx.png */ = {isa = PBXFileReference; lastKnownFileType = image.png; name = idx.png; path = images/idx.png; sourceTree = "<group>"; };
		C3230A8A0E9BB1410011C900 /* English */ = {isa = PBXFileReference; lastKnownFileType = file.xib; name = English; path = English.lproj/TableOfContent.xib; sourceTree = "<group>"; };
		C3230A8D0E9BB1820011C900 /* TableOfContentController.h */ = {isa = PBXFileReference; fileEncoding = 4; lastKnownFileType = sourcecode.c.h; path = TableOfContentController.h; sourceTree = "<group>"; };
		C3230A8E0E9BB1820011C900 /* TableOfContentController.m */ = {isa = PBXFileReference; fileEncoding = 4; lastKnownFileType = sourcecode.c.objc; path = TableOfContentController.m; sourceTree = "<group>"; };
		C3230AB70E9BB46D0011C900 /* chm_lib.c */ = {isa = PBXFileReference; fileEncoding = 4; lastKnownFileType = sourcecode.c.c; name = chm_lib.c; path = Classes/chm_lib.c; sourceTree = "<group>"; };
		C3230AB80E9BB46D0011C900 /* chm_lib.h */ = {isa = PBXFileReference; fileEncoding = 4; lastKnownFileType = sourcecode.c.h; name = chm_lib.h; path = Classes/chm_lib.h; sourceTree = "<group>"; };
		C3230AB90E9BB46E0011C900 /* lzx.h */ = {isa = PBXFileReference; fileEncoding = 4; lastKnownFileType = sourcecode.c.h; name = lzx.h; path = Classes/lzx.h; sourceTree = "<group>"; };
		C3230ABA0E9BB46E0011C900 /* lzx.c */ = {isa = PBXFileReference; fileEncoding = 4; lastKnownFileType = sourcecode.c.c; name = lzx.c; path = Classes/lzx.c; sourceTree = "<group>"; };
		C3230ABE0E9BB4A50011C900 /* CHMDocument.h */ = {isa = PBXFileReference; fileEncoding = 4; lastKnownFileType = sourcecode.c.h; path = CHMDocument.h; sourceTree = "<group>"; };
		C3230ABF0E9BB4A50011C900 /* CHMDocument.m */ = {isa = PBXFileReference; fileEncoding = 4; lastKnownFileType = sourcecode.c.objc; path = CHMDocument.m; sourceTree = "<group>"; };
		C32D57EF0EA38F82002D02DC /* AsyncSocket.h */ = {isa = PBXFileReference; fileEncoding = 4; lastKnownFileType = sourcecode.c.h; path = AsyncSocket.h; sourceTree = "<group>"; };
		C32D57F00EA38F82002D02DC /* AsyncSocket.m */ = {isa = PBXFileReference; fileEncoding = 4; lastKnownFileType = sourcecode.c.objc; path = AsyncSocket.m; sourceTree = "<group>"; };
		C32D57F10EA38F82002D02DC /* DDData.h */ = {isa = PBXFileReference; fileEncoding = 4; lastKnownFileType = sourcecode.c.h; path = DDData.h; sourceTree = "<group>"; };
		C32D57F20EA38F82002D02DC /* DDData.m */ = {isa = PBXFileReference; fileEncoding = 4; lastKnownFileType = sourcecode.c.objc; path = DDData.m; sourceTree = "<group>"; };
		C32D57F30EA38F82002D02DC /* DDNumber.h */ = {isa = PBXFileReference; fileEncoding = 4; lastKnownFileType = sourcecode.c.h; path = DDNumber.h; sourceTree = "<group>"; };
		C32D57F40EA38F82002D02DC /* DDNumber.m */ = {isa = PBXFileReference; fileEncoding = 4; lastKnownFileType = sourcecode.c.objc; path = DDNumber.m; sourceTree = "<group>"; };
		C32D57F50EA38F82002D02DC /* DDRange.h */ = {isa = PBXFileReference; fileEncoding = 4; lastKnownFileType = sourcecode.c.h; path = DDRange.h; sourceTree = "<group>"; };
		C32D57F60EA38F82002D02DC /* DDRange.m */ = {isa = PBXFileReference; fileEncoding = 4; lastKnownFileType = sourcecode.c.objc; path = DDRange.m; sourceTree = "<group>"; };
		C32D57F70EA38F83002D02DC /* HTTPAuthenticationRequest.h */ = {isa = PBXFileReference; fileEncoding = 4; lastKnownFileType = sourcecode.c.h; path = HTTPAuthenticationRequest.h; sourceTree = "<group>"; };
		C32D57F80EA38F83002D02DC /* HTTPAuthenticationRequest.m */ = {isa = PBXFileReference; fileEncoding = 4; lastKnownFileType = sourcecode.c.objc; path = HTTPAuthenticationRequest.m; sourceTree = "<group>"; };
		C32D57F90EA38F83002D02DC /* HTTPConnection.h */ = {isa = PBXFileReference; fileEncoding = 4; lastKnownFileType = sourcecode.c.h; path = HTTPConnection.h; sourceTree = "<group>"; };
		C32D57FA0EA38F83002D02DC /* HTTPConnection.m */ = {isa = PBXFileReference; fileEncoding = 4; lastKnownFileType = sourcecode.c.objc; path = HTTPConnection.m; sourceTree = "<group>"; };
		C32D57FB0EA38F83002D02DC /* HTTPResponse.h */ = {isa = PBXFileReference; fileEncoding = 4; lastKnownFileType = sourcecode.c.h; path = HTTPResponse.h; sourceTree = "<group>"; };
		C32D57FC0EA38F83002D02DC /* HTTPResponse.m */ = {isa = PBXFileReference; fileEncoding = 4; lastKnownFileType = sourcecode.c.objc; path = HTTPResponse.m; sourceTree = "<group>"; };
		C32D57FD0EA38F83002D02DC /* HTTPServer.h */ = {isa = PBXFileReference; fileEncoding = 4; lastKnownFileType = sourcecode.c.h; path = HTTPServer.h; sourceTree = "<group>"; };
		C32D57FE0EA38F83002D02DC /* HTTPServer.m */ = {isa = PBXFileReference; fileEncoding = 4; lastKnownFileType = sourcecode.c.objc; path = HTTPServer.m; sourceTree = "<group>"; };
		C32D580E0EA391A8002D02DC /* CFNetwork.framework */ = {isa = PBXFileReference; lastKnownFileType = wrapper.framework; name = CFNetwork.framework; path = System/Library/Frameworks/CFNetwork.framework; sourceTree = SDKROOT; };
		C32D58450EA394FC002D02DC /* English */ = {isa = PBXFileReference; lastKnownFileType = file.xib; name = English; path = English.lproj/FileManager.xib; sourceTree = "<group>"; };
		C32D584A0EA39532002D02DC /* FileManagerController.h */ = {isa = PBXFileReference; fileEncoding = 4; lastKnownFileType = sourcecode.c.h; path = FileManagerController.h; sourceTree = "<group>"; };
		C32D584B0EA39532002D02DC /* FileManagerController.m */ = {isa = PBXFileReference; fileEncoding = 4; lastKnownFileType = sourcecode.c.objc; path = FileManagerController.m; sourceTree = "<group>"; };
		C32D58D40EA3AA83002D02DC /* English */ = {isa = PBXFileReference; fileEncoding = 4; lastKnownFileType = text.html; name = English; path = English.lproj/index.html; sourceTree = "<group>"; };
		C3576D6A0EB97218001BF046 /* Entitlements.plist */ = {isa = PBXFileReference; fileEncoding = 4; lastKnownFileType = text.plist.xml; path = Entitlements.plist; sourceTree = "<group>"; };
		C362391B0EDA645E003C16BF /* up.png */ = {isa = PBXFileReference; lastKnownFileType = image.png; name = up.png; path = images/up.png; sourceTree = "<group>"; };
		C362391C0EDA645E003C16BF /* down.png */ = {isa = PBXFileReference; lastKnownFileType = image.png; name = down.png; path = images/down.png; sourceTree = "<group>"; };
		C362391F0EDA671E003C16BF /* fullscreen.png */ = {isa = PBXFileReference; lastKnownFileType = image.png; name = fullscreen.png; path = images/fullscreen.png; sourceTree = "<group>"; };
		C36239230EDA7120003C16BF /* defullscreen.png */ = {isa = PBXFileReference; lastKnownFileType = image.png; name = defullscreen.png; path = images/defullscreen.png; sourceTree = "<group>"; };
		C37576F30EB7516100A85FC6 /* rb32.png */ = {isa = PBXFileReference; lastKnownFileType = image.png; name = rb32.png; path = images/rb32.png; sourceTree = "<group>"; };
		C37577460EB7694800A85FC6 /* English */ = {isa = PBXFileReference; lastKnownFileType = file.xib; name = English; path = Classes/English.lproj/about.xib; sourceTree = "<group>"; };
		C37577500EB76D6E00A85FC6 /* AboutPageController.h */ = {isa = PBXFileReference; fileEncoding = 4; lastKnownFileType = sourcecode.c.h; path = AboutPageController.h; sourceTree = "<group>"; };
		C37577510EB76D6E00A85FC6 /* AboutPageController.m */ = {isa = PBXFileReference; fileEncoding = 4; lastKnownFileType = sourcecode.c.objc; path = AboutPageController.m; sourceTree = "<group>"; };
		C37577B10EB776EF00A85FC6 /* credits.plist */ = {isa = PBXFileReference; fileEncoding = 4; lastKnownFileType = text.plist.xml; path = credits.plist; sourceTree = "<group>"; };
		C382A1470EB6D21300F408BD /* home.png */ = {isa = PBXFileReference; lastKnownFileType = image.png; name = home.png; path = images/home.png; sourceTree = "<group>"; };
		C382A1BE0EB7176C00F408BD /* uparrow.png */ = {isa = PBXFileReference; lastKnownFileType = image.png; name = uparrow.png; path = images/uparrow.png; sourceTree = "<group>"; };
		C38E6A7E0ED10BEA00565F61 /* rb48.png */ = {isa = PBXFileReference; lastKnownFileType = image.png; name = rb48.png; path = images/rb48.png; sourceTree = "<group>"; };
		C39366800E9C86D9001EA28D /* ITSSProtocol.h */ = {isa = PBXFileReference; fileEncoding = 4; lastKnownFileType = sourcecode.c.h; path = ITSSProtocol.h; sourceTree = "<group>"; };
		C39366810E9C86D9001EA28D /* ITSSProtocol.m */ = {isa = PBXFileReference; fileEncoding = 4; lastKnownFileType = sourcecode.c.objc; path = ITSSProtocol.m; sourceTree = "<group>"; };
		C39366880E9C878D001EA28D /* lcid.h */ = {isa = PBXFileReference; fileEncoding = 4; lastKnownFileType = sourcecode.c.h; path = lcid.h; sourceTree = "<group>"; };
		C393669C0E9C8B23001EA28D /* CHMTableOfContent.h */ = {isa = PBXFileReference; fileEncoding = 4; lastKnownFileType = sourcecode.c.h; path = CHMTableOfContent.h; sourceTree = "<group>"; };
		C393669D0E9C8B23001EA28D /* CHMTableOfContent.m */ = {isa = PBXFileReference; fileEncoding = 4; lastKnownFileType = sourcecode.c.objc; path = CHMTableOfContent.m; sourceTree = "<group>"; };
		C393679E0E9CAF0E001EA28D /* libxml2.2.dylib */ = {isa = PBXFileReference; lastKnownFileType = "compiled.mach-o.dylib"; name = libxml2.2.dylib; path = usr/lib/libxml2.2.dylib; sourceTree = SDKROOT; };
		C39367E60E9CBBA1001EA28D /* English */ = {isa = PBXFileReference; lastKnownFileType = file.xib; name = English; path = English.lproj/CHMBrowser.xib; sourceTree = "<group>"; };
		C39367E90E9CBBD3001EA28D /* CHMBrowserController.h */ = {isa = PBXFileReference; fileEncoding = 4; lastKnownFileType = sourcecode.c.h; path = CHMBrowserController.h; sourceTree = "<group>"; };
		C39367EA0E9CBBD3001EA28D /* CHMBrowserController.m */ = {isa = PBXFileReference; fileEncoding = 4; lastKnownFileType = sourcecode.c.objc; path = CHMBrowserController.m; sourceTree = "<group>"; };
		C3A4981F0EDBDF4400997EF0 /* zoomtofit.png */ = {isa = PBXFileReference; lastKnownFileType = image.png; name = zoomtofit.png; path = images/zoomtofit.png; sourceTree = "<group>"; };
		C3A499BA0EDC4ED300997EF0 /* spine.png */ = {isa = PBXFileReference; lastKnownFileType = image.png; name = spine.png; path = images/spine.png; sourceTree = "<group>"; };
		C3BFD1650EB594D800ED86F1 /* titlebg.png */ = {isa = PBXFileReference; lastKnownFileType = image.png; name = titlebg.png; path = web/titlebg.png; sourceTree = "<group>"; };
		C3BFD17F0EB5A9DA00ED86F1 /* bg.png */ = {isa = PBXFileReference; lastKnownFileType = image.png; name = bg.png; path = web/bg.png; sourceTree = "<group>"; };
		C3BFD1800EB5A9DA00ED86F1 /* theadbg.png */ = {isa = PBXFileReference; lastKnownFileType = image.png; name = theadbg.png; path = web/theadbg.png; sourceTree = "<group>"; };
		C3BFD1DC0EB5BA6500ED86F1 /* redbird.png */ = {isa = PBXFileReference; lastKnownFileType = image.png; path = redbird.png; sourceTree = "<group>"; };
		C3E882080EA43DBE00DE82FB /* RegexKitLite.h */ = {isa = PBXFileReference; fileEncoding = 4; lastKnownFileType = sourcecode.c.h; path = RegexKitLite.h; sourceTree = "<group>"; };
		C3E882090EA43DBE00DE82FB /* RegexKitLite.m */ = {isa = PBXFileReference; fileEncoding = 4; lastKnownFileType = sourcecode.c.objc; path = RegexKitLite.m; sourceTree = "<group>"; };
		C3EAB8210E9DCC3000268541 /* right.png */ = {isa = PBXFileReference; lastKnownFileType = image.png; name = right.png; path = images/right.png; sourceTree = "<group>"; };
		C3EAB8220E9DCC3000268541 /* left.png */ = {isa = PBXFileReference; lastKnownFileType = image.png; name = left.png; path = images/left.png; sourceTree = "<group>"; };
		C3EAB82B0E9DDA6D00268541 /* English */ = {isa = PBXFileReference; fileEncoding = 10; lastKnownFileType = text.plist.strings; name = English; path = English.lproj/Localizable.strings; sourceTree = "<group>"; };
		C3EAB9AB0E9E2F0400268541 /* English */ = {isa = PBXFileReference; lastKnownFileType = file.xib; name = English; path = English.lproj/IndexController.xib; sourceTree = "<group>"; };
		C3EAB9B00E9E2F3300268541 /* IndexController.h */ = {isa = PBXFileReference; fileEncoding = 4; lastKnownFileType = sourcecode.c.h; path = IndexController.h; sourceTree = "<group>"; };
		C3EAB9B10E9E2F3300268541 /* IndexController.m */ = {isa = PBXFileReference; fileEncoding = 4; lastKnownFileType = sourcecode.c.objc; path = IndexController.m; sourceTree = "<group>"; };
		C3F11F420EA86E14004B4B46 /* FileResource.h */ = {isa = PBXFileReference; fileEncoding = 4; lastKnownFileType = sourcecode.c.h; path = FileResource.h; sourceTree = "<group>"; };
		C3F11F430EA86E14004B4B46 /* FileResource.m */ = {isa = PBXFileReference; fileEncoding = 4; lastKnownFileType = sourcecode.c.objc; path = FileResource.m; sourceTree = "<group>"; };
		C3F9E5330EB1C05A00DD0D7A /* jquery.js */ = {isa = PBXFileReference; fileEncoding = 4; lastKnownFileType = sourcecode.javascript; name = jquery.js; path = web/jquery.js; sourceTree = "<group>"; };
		C3FB6DA00ED82D6C0043ABCF /* filemanager.jpg */ = {isa = PBXFileReference; lastKnownFileType = image.jpeg; path = filemanager.jpg; sourceTree = "<group>"; };
		C3FB6DA10ED82D6C0043ABCF /* fm-browser.png */ = {isa = PBXFileReference; lastKnownFileType = image.png; path = "fm-browser.png"; sourceTree = "<group>"; };
		C3FB6DA20ED82D6C0043ABCF /* fm.png */ = {isa = PBXFileReference; lastKnownFileType = image.png; path = fm.png; sourceTree = "<group>"; };
		C3FB6DA30ED82D6C0043ABCF /* help.html */ = {isa = PBXFileReference; fileEncoding = 4; lastKnownFileType = text.html; path = help.html; sourceTree = "<group>"; };
		C3FB6DA40ED82D6C0043ABCF /* rb48.png */ = {isa = PBXFileReference; lastKnownFileType = image.png; path = rb48.png; sourceTree = "<group>"; };
		C3FB6DA50ED82D6C0043ABCF /* root.png */ = {isa = PBXFileReference; lastKnownFileType = image.png; path = root.png; sourceTree = "<group>"; };
		C3FB6DA60ED82D6C0043ABCF /* titlebg.png */ = {isa = PBXFileReference; lastKnownFileType = image.png; path = titlebg.png; sourceTree = "<group>"; };
		C3FB6DA70ED82D6C0043ABCF /* toolbar.png */ = {isa = PBXFileReference; lastKnownFileType = image.png; path = toolbar.png; sourceTree = "<group>"; };
		C3FB6DA80ED82D6C0043ABCF /* url.png */ = {isa = PBXFileReference; lastKnownFileType = image.png; path = url.png; sourceTree = "<group>"; };
		C3FB6DDB0ED82E510043ABCF /* English */ = {isa = PBXFileReference; lastKnownFileType = file.xib; name = English; path = English.lproj/Help.xib; sourceTree = "<group>"; };
		C3FB6DE10ED82E900043ABCF /* HelpViewController.h */ = {isa = PBXFileReference; fileEncoding = 4; lastKnownFileType = sourcecode.c.h; path = HelpViewController.h; sourceTree = "<group>"; };
		C3FB6DE20ED82E900043ABCF /* HelpViewController.m */ = {isa = PBXFileReference; fileEncoding = 4; lastKnownFileType = sourcecode.c.objc; path = HelpViewController.m; sourceTree = "<group>"; };
/* End PBXFileReference section */

/* Begin PBXFrameworksBuildPhase section */
		1D60588F0D05DD3D006BFB54 /* Frameworks */ = {
			isa = PBXFrameworksBuildPhase;
			buildActionMask = 2147483647;
			files = (
				1D60589F0D05DD5A006BFB54 /* Foundation.framework in Frameworks */,
				1DF5F4E00D08C38300B7A737 /* UIKit.framework in Frameworks */,
				2892E4100DC94CBA00A64D0F /* CoreGraphics.framework in Frameworks */,
				C393679F0E9CAF0E001EA28D /* libxml2.2.dylib in Frameworks */,
				C32D580F0EA391A8002D02DC /* CFNetwork.framework in Frameworks */,
			);
			runOnlyForDeploymentPostprocessing = 0;
		};
/* End PBXFrameworksBuildPhase section */

/* Begin PBXGroup section */
		080E96DDFE201D6D7F000001 /* Classes */ = {
			isa = PBXGroup;
			children = (
				C3E882070EA43D9200DE82FB /* RegexKitLite */,
				C32D57EE0EA38F57002D02DC /* httpserver */,
				C3EABB080E9E624400268541 /* chm */,
				28C286DF0D94DF7D0034E888 /* RootViewController.h */,
				28C286E00D94DF7D0034E888 /* RootViewController.m */,
				1D3623240D0F684500981E51 /* iChmAppDelegate.h */,
				1D3623250D0F684500981E51 /* iChmAppDelegate.m */,
				C32D584A0EA39532002D02DC /* FileManagerController.h */,
				C32D584B0EA39532002D02DC /* FileManagerController.m */,
				C3065E140EADBF5B007A08A6 /* MovableTableViewIndex.h */,
				C37577500EB76D6E00A85FC6 /* AboutPageController.h */,
				C37577510EB76D6E00A85FC6 /* AboutPageController.m */,
				C3FB6DE10ED82E900043ABCF /* HelpViewController.h */,
				C3FB6DE20ED82E900043ABCF /* HelpViewController.m */,
			);
			path = Classes;
			sourceTree = "<group>";
		};
		19C28FACFE9D520D11CA2CBB /* Products */ = {
			isa = PBXGroup;
			children = (
				1D6058910D05DD3D006BFB54 /* iChm.app */,
			);
			name = Products;
			sourceTree = "<group>";
		};
		29B97314FDCFA39411CA2CEA /* CustomTemplate */ = {
			isa = PBXGroup;
			children = (
				080E96DDFE201D6D7F000001 /* Classes */,
				29B97315FDCFA39411CA2CEA /* Other Sources */,
				29B97317FDCFA39411CA2CEA /* Resources */,
				29B97323FDCFA39411CA2CEA /* Frameworks */,
				19C28FACFE9D520D11CA2CBB /* Products */,
				C3576D6A0EB97218001BF046 /* Entitlements.plist */,
			);
			name = CustomTemplate;
			sourceTree = "<group>";
		};
		29B97315FDCFA39411CA2CEA /* Other Sources */ = {
			isa = PBXGroup;
			children = (
				C3EAB7D80E9DC59E00268541 /* images */,
				C3230ABD0E9BB47C0011C900 /* chm_lib */,
				28A0AAE50D9B0CCF005BE974 /* iChm_Prefix.pch */,
				29B97316FDCFA39411CA2CEA /* main.m */,
				C3EAB82D0E9DDA8300268541 /* Localizable.strings */,
			);
			name = "Other Sources";
			sourceTree = "<group>";
		};
		29B97317FDCFA39411CA2CEA /* Resources */ = {
			isa = PBXGroup;
			children = (
				C3FB6D9F0ED82D6C0043ABCF /* doc */,
				C37577480EB7695900A85FC6 /* about.xib */,
				C32D58D30EA3AA6D002D02DC /* FileManager */,
				C39368670E9CF1C7001EA28D /* RootViewController.xib */,
				C39368690E9CF1D7001EA28D /* MainWindow.xib */,
				8D1107310486CEB800E47090 /* Info.plist */,
				C393686B0E9CF1E1001EA28D /* TableOfContent.xib */,
				C393686D0E9CF1EB001EA28D /* CHMBrowser.xib */,
				C3EAB9AD0E9E2F0D00268541 /* IndexController.xib */,
				C32D58470EA39502002D02DC /* FileManager.xib */,
				C37577B10EB776EF00A85FC6 /* credits.plist */,
				C3FB6DDE0ED82E5F0043ABCF /* Help.xib */,
			);
			name = Resources;
			sourceTree = "<group>";
		};
		29B97323FDCFA39411CA2CEA /* Frameworks */ = {
			isa = PBXGroup;
			children = (
				C32D580E0EA391A8002D02DC /* CFNetwork.framework */,
				C393679E0E9CAF0E001EA28D /* libxml2.2.dylib */,
				1DF5F4DF0D08C38300B7A737 /* UIKit.framework */,
				1D30AB110D05D00D00671497 /* Foundation.framework */,
				2892E40F0DC94CBA00A64D0F /* CoreGraphics.framework */,
			);
			name = Frameworks;
			sourceTree = "<group>";
		};
		C3230ABD0E9BB47C0011C900 /* chm_lib */ = {
			isa = PBXGroup;
			children = (
				C3230AB70E9BB46D0011C900 /* chm_lib.c */,
				C3230AB80E9BB46D0011C900 /* chm_lib.h */,
				C3230AB90E9BB46E0011C900 /* lzx.h */,
				C3230ABA0E9BB46E0011C900 /* lzx.c */,
			);
			name = chm_lib;
			sourceTree = "<group>";
		};
		C32D57EE0EA38F57002D02DC /* httpserver */ = {
			isa = PBXGroup;
			children = (
				C3F11F8B0EA8872A004B4B46 /* resources */,
				C32D57EF0EA38F82002D02DC /* AsyncSocket.h */,
				C32D57F00EA38F82002D02DC /* AsyncSocket.m */,
				C32D57F10EA38F82002D02DC /* DDData.h */,
				C32D57F20EA38F82002D02DC /* DDData.m */,
				C32D57F30EA38F82002D02DC /* DDNumber.h */,
				C32D57F40EA38F82002D02DC /* DDNumber.m */,
				C32D57F50EA38F82002D02DC /* DDRange.h */,
				C32D57F60EA38F82002D02DC /* DDRange.m */,
				C32D57F70EA38F83002D02DC /* HTTPAuthenticationRequest.h */,
				C32D57F80EA38F83002D02DC /* HTTPAuthenticationRequest.m */,
				C32D57F90EA38F83002D02DC /* HTTPConnection.h */,
				C32D57FA0EA38F83002D02DC /* HTTPConnection.m */,
				C32D57FB0EA38F83002D02DC /* HTTPResponse.h */,
				C32D57FC0EA38F83002D02DC /* HTTPResponse.m */,
				C32D57FD0EA38F83002D02DC /* HTTPServer.h */,
				C32D57FE0EA38F83002D02DC /* HTTPServer.m */,
			);
			name = httpserver;
			sourceTree = "<group>";
		};
		C32D58D30EA3AA6D002D02DC /* FileManager */ = {
			isa = PBXGroup;
			children = (
				C3BFD17F0EB5A9DA00ED86F1 /* bg.png */,
				C3BFD1800EB5A9DA00ED86F1 /* theadbg.png */,
				C3BFD1650EB594D800ED86F1 /* titlebg.png */,
				C3F9E5330EB1C05A00DD0D7A /* jquery.js */,
				C3E8820E0EA4421000DE82FB /* index.html */,
			);
			name = FileManager;
			sourceTree = "<group>";
		};
		C3E882070EA43D9200DE82FB /* RegexKitLite */ = {
			isa = PBXGroup;
			children = (
				C3E882080EA43DBE00DE82FB /* RegexKitLite.h */,
				C3E882090EA43DBE00DE82FB /* RegexKitLite.m */,
			);
			name = RegexKitLite;
			sourceTree = "<group>";
		};
		C3EAB7D80E9DC59E00268541 /* images */ = {
			isa = PBXGroup;
			children = (
				C3A499BA0EDC4ED300997EF0 /* spine.png */,
				C3A4981F0EDBDF4400997EF0 /* zoomtofit.png */,
				C36239230EDA7120003C16BF /* defullscreen.png */,
				C362391F0EDA671E003C16BF /* fullscreen.png */,
				C362391B0EDA645E003C16BF /* up.png */,
				C362391C0EDA645E003C16BF /* down.png */,
				C38E6A7E0ED10BEA00565F61 /* rb48.png */,
				C37576F30EB7516100A85FC6 /* rb32.png */,
				C382A1BE0EB7176C00F408BD /* uparrow.png */,
				C382A1470EB6D21300F408BD /* home.png */,
				C31E6E4A0EB601D600A685CA /* idx.png */,
				C31E6E420EB5FF0100A685CA /* toc.png */,
				C3BFD1DC0EB5BA6500ED86F1 /* redbird.png */,
				C3EAB8210E9DCC3000268541 /* right.png */,
				C3EAB8220E9DCC3000268541 /* left.png */,
			);
			name = images;
			sourceTree = "<group>";
		};
		C3EABB080E9E624400268541 /* chm */ = {
			isa = PBXGroup;
			children = (
				C393669C0E9C8B23001EA28D /* CHMTableOfContent.h */,
				C393669D0E9C8B23001EA28D /* CHMTableOfContent.m */,
				C39366880E9C878D001EA28D /* lcid.h */,
				C39366800E9C86D9001EA28D /* ITSSProtocol.h */,
				C39366810E9C86D9001EA28D /* ITSSProtocol.m */,
				C3230A8D0E9BB1820011C900 /* TableOfContentController.h */,
				C3230A8E0E9BB1820011C900 /* TableOfContentController.m */,
				C3230ABE0E9BB4A50011C900 /* CHMDocument.h */,
				C3230ABF0E9BB4A50011C900 /* CHMDocument.m */,
				C39367E90E9CBBD3001EA28D /* CHMBrowserController.h */,
				C39367EA0E9CBBD3001EA28D /* CHMBrowserController.m */,
				C3EAB9B00E9E2F3300268541 /* IndexController.h */,
				C3EAB9B10E9E2F3300268541 /* IndexController.m */,
			);
			name = chm;
			sourceTree = "<group>";
		};
		C3F11F8B0EA8872A004B4B46 /* resources */ = {
			isa = PBXGroup;
			children = (
				C3F11F420EA86E14004B4B46 /* FileResource.h */,
				C3F11F430EA86E14004B4B46 /* FileResource.m */,
			);
			name = resources;
			sourceTree = "<group>";
		};
		C3FB6D9F0ED82D6C0043ABCF /* doc */ = {
			isa = PBXGroup;
			children = (
				C3FB6DA00ED82D6C0043ABCF /* filemanager.jpg */,
				C3FB6DA10ED82D6C0043ABCF /* fm-browser.png */,
				C3FB6DA20ED82D6C0043ABCF /* fm.png */,
				C3FB6DA30ED82D6C0043ABCF /* help.html */,
				C3FB6DA40ED82D6C0043ABCF /* rb48.png */,
				C3FB6DA50ED82D6C0043ABCF /* root.png */,
				C3FB6DA60ED82D6C0043ABCF /* titlebg.png */,
				C3FB6DA70ED82D6C0043ABCF /* toolbar.png */,
				C3FB6DA80ED82D6C0043ABCF /* url.png */,
			);
			path = doc;
			sourceTree = "<group>";
		};
/* End PBXGroup section */

/* Begin PBXNativeTarget section */
		1D6058900D05DD3D006BFB54 /* iChm */ = {
			isa = PBXNativeTarget;
			buildConfigurationList = 1D6058960D05DD3E006BFB54 /* Build configuration list for PBXNativeTarget "iChm" */;
			buildPhases = (
				1D60588D0D05DD3D006BFB54 /* Resources */,
				1D60588E0D05DD3D006BFB54 /* Sources */,
				1D60588F0D05DD3D006BFB54 /* Frameworks */,
				C3E882300EA447BE00DE82FB /* CopyFiles */,
				C3F9E53E0EB1C13500DD0D7A /* CopyFiles */,
				C3BFD1750EB5952C00ED86F1 /* CopyFiles */,
				C3FB6DDA0ED82DEC0043ABCF /* CopyFiles */,
			);
			buildRules = (
			);
			dependencies = (
			);
			name = iChm;
			productName = iChm;
			productReference = 1D6058910D05DD3D006BFB54 /* iChm.app */;
			productType = "com.apple.product-type.application";
		};
/* End PBXNativeTarget section */

/* Begin PBXProject section */
		29B97313FDCFA39411CA2CEA /* Project object */ = {
			isa = PBXProject;
			buildConfigurationList = C01FCF4E08A954540054247B /* Build configuration list for PBXProject "iChm" */;
			compatibilityVersion = "Xcode 3.1";
			hasScannedForEncodings = 1;
			knownRegions = (
				English,
				Japanese,
				French,
				German,
				en,
			);
			mainGroup = 29B97314FDCFA39411CA2CEA /* CustomTemplate */;
			projectDirPath = "";
			projectRoot = "";
			targets = (
				1D6058900D05DD3D006BFB54 /* iChm */,
			);
		};
/* End PBXProject section */

/* Begin PBXResourcesBuildPhase section */
		1D60588D0D05DD3D006BFB54 /* Resources */ = {
			isa = PBXResourcesBuildPhase;
			buildActionMask = 2147483647;
			files = (
				C393686A0E9CF1D7001EA28D /* MainWindow.xib in Resources */,
				C39368680E9CF1C7001EA28D /* RootViewController.xib in Resources */,
				C393686C0E9CF1E1001EA28D /* TableOfContent.xib in Resources */,
				C393686E0E9CF1EB001EA28D /* CHMBrowser.xib in Resources */,
				C3EAB8230E9DCC3000268541 /* right.png in Resources */,
				C3EAB8240E9DCC3000268541 /* left.png in Resources */,
				C3EAB82E0E9DDA8300268541 /* Localizable.strings in Resources */,
				C3EAB9AE0E9E2F0D00268541 /* IndexController.xib in Resources */,
				C32D58480EA39502002D02DC /* FileManager.xib in Resources */,
				C3BFD1660EB594D800ED86F1 /* titlebg.png in Resources */,
				C3BFD1810EB5A9DA00ED86F1 /* bg.png in Resources */,
				C3BFD1820EB5A9DA00ED86F1 /* theadbg.png in Resources */,
				C3BFD1DD0EB5BA6500ED86F1 /* redbird.png in Resources */,
				C31E6E430EB5FF0100A685CA /* toc.png in Resources */,
				C31E6E4B0EB601D600A685CA /* idx.png in Resources */,
				C382A1480EB6D21300F408BD /* home.png in Resources */,
				C382A1BF0EB7176C00F408BD /* uparrow.png in Resources */,
				C37576F40EB7516100A85FC6 /* rb32.png in Resources */,
				C37577490EB7695900A85FC6 /* about.xib in Resources */,
				C37577B20EB776EF00A85FC6 /* credits.plist in Resources */,
				C3576D6B0EB97218001BF046 /* Entitlements.plist in Resources */,
				C38E6A7F0ED10BEA00565F61 /* rb48.png in Resources */,
				C3FB6DDF0ED82E5F0043ABCF /* Help.xib in Resources */,
				C362391D0EDA645E003C16BF /* up.png in Resources */,
				C362391E0EDA645E003C16BF /* down.png in Resources */,
				C36239200EDA671E003C16BF /* fullscreen.png in Resources */,
				C36239240EDA7120003C16BF /* defullscreen.png in Resources */,
				C3A498200EDBDF4400997EF0 /* zoomtofit.png in Resources */,
				C3A499BB0EDC4ED300997EF0 /* spine.png in Resources */,
			);
			runOnlyForDeploymentPostprocessing = 0;
		};
/* End PBXResourcesBuildPhase section */

/* Begin PBXSourcesBuildPhase section */
		1D60588E0D05DD3D006BFB54 /* Sources */ = {
			isa = PBXSourcesBuildPhase;
			buildActionMask = 2147483647;
			files = (
				1D60589B0D05DD56006BFB54 /* main.m in Sources */,
				1D3623260D0F684500981E51 /* iChmAppDelegate.m in Sources */,
				28C286E10D94DF7D0034E888 /* RootViewController.m in Sources */,
				C3230A8F0E9BB1820011C900 /* TableOfContentController.m in Sources */,
				C3230ABB0E9BB46E0011C900 /* chm_lib.c in Sources */,
				C3230ABC0E9BB46E0011C900 /* lzx.c in Sources */,
				C3230AC00E9BB4A50011C900 /* CHMDocument.m in Sources */,
				C39366820E9C86D9001EA28D /* ITSSProtocol.m in Sources */,
				C393669E0E9C8B23001EA28D /* CHMTableOfContent.m in Sources */,
				C39367EB0E9CBBD3001EA28D /* CHMBrowserController.m in Sources */,
				C3EAB9B20E9E2F3300268541 /* IndexController.m in Sources */,
				C32D57FF0EA38F83002D02DC /* AsyncSocket.m in Sources */,
				C32D58000EA38F83002D02DC /* DDData.m in Sources */,
				C32D58010EA38F83002D02DC /* DDNumber.m in Sources */,
				C32D58020EA38F83002D02DC /* DDRange.m in Sources */,
				C32D58030EA38F83002D02DC /* HTTPAuthenticationRequest.m in Sources */,
				C32D58040EA38F83002D02DC /* HTTPConnection.m in Sources */,
				C32D58050EA38F83002D02DC /* HTTPResponse.m in Sources */,
				C32D58060EA38F83002D02DC /* HTTPServer.m in Sources */,
				C32D584C0EA39532002D02DC /* FileManagerController.m in Sources */,
				C3E8820A0EA43DBE00DE82FB /* RegexKitLite.m in Sources */,
				C3F11F440EA86E14004B4B46 /* FileResource.m in Sources */,
				C37577520EB76D6E00A85FC6 /* AboutPageController.m in Sources */,
				C3FB6DE30ED82E900043ABCF /* HelpViewController.m in Sources */,
			);
			runOnlyForDeploymentPostprocessing = 0;
		};
/* End PBXSourcesBuildPhase section */

/* Begin PBXVariantGroup section */
		C32D58470EA39502002D02DC /* FileManager.xib */ = {
			isa = PBXVariantGroup;
			children = (
				C32D58450EA394FC002D02DC /* English */,
			);
			name = FileManager.xib;
			sourceTree = "<group>";
		};
		C37577480EB7695900A85FC6 /* about.xib */ = {
			isa = PBXVariantGroup;
			children = (
				C37577460EB7694800A85FC6 /* English */,
			);
			name = about.xib;
			sourceTree = "<group>";
		};
		C39368670E9CF1C7001EA28D /* RootViewController.xib */ = {
			isa = PBXVariantGroup;
			children = (
				2899E55F0DE3E45000AC0155 /* English */,
			);
			name = RootViewController.xib;
			sourceTree = "<group>";
		};
		C39368690E9CF1D7001EA28D /* MainWindow.xib */ = {
			isa = PBXVariantGroup;
			children = (
				28AD735F0D9D9599002E5188 /* English */,
			);
			name = MainWindow.xib;
			sourceTree = "<group>";
		};
		C393686B0E9CF1E1001EA28D /* TableOfContent.xib */ = {
			isa = PBXVariantGroup;
			children = (
				C3230A8A0E9BB1410011C900 /* English */,
			);
			name = TableOfContent.xib;
			sourceTree = "<group>";
		};
		C393686D0E9CF1EB001EA28D /* CHMBrowser.xib */ = {
			isa = PBXVariantGroup;
			children = (
				C39367E60E9CBBA1001EA28D /* English */,
			);
			name = CHMBrowser.xib;
			sourceTree = "<group>";
		};
		C3E8820E0EA4421000DE82FB /* index.html */ = {
			isa = PBXVariantGroup;
			children = (
				C32D58D40EA3AA83002D02DC /* English */,
			);
			name = index.html;
			sourceTree = "<group>";
		};
		C3EAB82D0E9DDA8300268541 /* Localizable.strings */ = {
			isa = PBXVariantGroup;
			children = (
				C3EAB82B0E9DDA6D00268541 /* English */,
			);
			name = Localizable.strings;
			sourceTree = "<group>";
		};
		C3EAB9AD0E9E2F0D00268541 /* IndexController.xib */ = {
			isa = PBXVariantGroup;
			children = (
				C3EAB9AB0E9E2F0400268541 /* English */,
			);
			name = IndexController.xib;
			sourceTree = "<group>";
		};
		C3FB6DDE0ED82E5F0043ABCF /* Help.xib */ = {
			isa = PBXVariantGroup;
			children = (
				C3FB6DDB0ED82E510043ABCF /* English */,
			);
			name = Help.xib;
			sourceTree = "<group>";
		};
/* End PBXVariantGroup section */

/* Begin XCBuildConfiguration section */
		1D6058940D05DD3E006BFB54 /* Debug */ = {
			isa = XCBuildConfiguration;
			buildSettings = {
				ALWAYS_SEARCH_USER_PATHS = NO;
				CODE_SIGN_ENTITLEMENTS = "";
				"CODE_SIGN_IDENTITY[sdk=iphoneos*]" = "iPhone Developer: Robin Lu";
				COPY_PHASE_STRIP = NO;
				GCC_DYNAMIC_NO_PIC = NO;
				GCC_OPTIMIZATION_LEVEL = 0;
				GCC_PRECOMPILE_PREFIX_HEADER = YES;
				GCC_PREFIX_HEADER = iChm_Prefix.pch;
				INFOPLIST_FILE = Info.plist;
				OTHER_LDFLAGS = "-licucore";
				PRODUCT_NAME = iChm;
				"PROVISIONING_PROFILE[sdk=iphoneos*]" = "B29628F0-B56B-45EB-9E2F-962DBEB3EFFA";
			};
			name = Debug;
		};
		1D6058950D05DD3E006BFB54 /* Release */ = {
			isa = XCBuildConfiguration;
			buildSettings = {
				ALWAYS_SEARCH_USER_PATHS = NO;
				CODE_SIGN_ENTITLEMENTS = "";
				"CODE_SIGN_IDENTITY[sdk=iphoneos*]" = "iPhone Developer: Robin Lu";
				COPY_PHASE_STRIP = YES;
				GCC_PRECOMPILE_PREFIX_HEADER = YES;
				GCC_PREFIX_HEADER = iChm_Prefix.pch;
				INFOPLIST_FILE = Info.plist;
				OTHER_LDFLAGS = "-licucore";
				PRODUCT_NAME = iChm;
				"PROVISIONING_PROFILE[sdk=iphoneos*]" = "B29628F0-B56B-45EB-9E2F-962DBEB3EFFA";
			};
			name = Release;
		};
		C01FCF4F08A954540054247B /* Debug */ = {
			isa = XCBuildConfiguration;
			buildSettings = {
				ARCHS = "$(ARCHS_STANDARD_32_BIT)";
				"CODE_SIGN_IDENTITY[sdk=iphoneos*]" = "iPhone Distribution: Robin Lu";
				GCC_C_LANGUAGE_STANDARD = c99;
				GCC_WARN_ABOUT_RETURN_TYPE = YES;
				GCC_WARN_UNUSED_VARIABLE = YES;
				HEADER_SEARCH_PATHS = /usr/include/libxml2;
				ONLY_ACTIVE_ARCH = YES;
				PREBINDING = NO;
				SDKROOT = iphoneos2.1;
			};
			name = Debug;
		};
		C01FCF5008A954540054247B /* Release */ = {
			isa = XCBuildConfiguration;
			buildSettings = {
				ARCHS = "$(ARCHS_STANDARD_32_BIT)";
				"CODE_SIGN_IDENTITY[sdk=iphoneos*]" = "iPhone Developer";
				GCC_C_LANGUAGE_STANDARD = c99;
				GCC_WARN_ABOUT_RETURN_TYPE = YES;
				GCC_WARN_UNUSED_VARIABLE = YES;
				HEADER_SEARCH_PATHS = /usr/include/libxml2;
				PREBINDING = NO;
				SDKROOT = iphoneos2.1;
			};
			name = Release;
		};
		C3F56AA00EB96D64007FA09E /* Distribution */ = {
			isa = XCBuildConfiguration;
			buildSettings = {
				ARCHS = "$(ARCHS_STANDARD_32_BIT)";
				"CODE_SIGN_IDENTITY[sdk=iphoneos*]" = "iPhone Distribution: Robin Lu";
				GCC_C_LANGUAGE_STANDARD = c99;
				GCC_WARN_ABOUT_RETURN_TYPE = YES;
				GCC_WARN_UNUSED_VARIABLE = YES;
				HEADER_SEARCH_PATHS = /usr/include/libxml2;
				PREBINDING = NO;
				"PROVISIONING_PROFILE[sdk=iphoneos*]" = "E2D7C15A-21C7-41C7-908A-800E93EE262F";
				SDKROOT = iphoneos2.1;
			};
			name = Distribution;
		};
		C3F56AA10EB96D64007FA09E /* Distribution */ = {
			isa = XCBuildConfiguration;
			buildSettings = {
				ALWAYS_SEARCH_USER_PATHS = NO;
				CODE_SIGN_ENTITLEMENTS = Entitlements.plist;
				"CODE_SIGN_IDENTITY[sdk=iphoneos*]" = "iPhone Distribution: Robin Lu";
				COPY_PHASE_STRIP = YES;
				GCC_PRECOMPILE_PREFIX_HEADER = YES;
				GCC_PREFIX_HEADER = iChm_Prefix.pch;
				INFOPLIST_FILE = Info.plist;
				OTHER_LDFLAGS = "-licucore";
				PRODUCT_NAME = iChm;
				PROVISIONING_PROFILE = DefaultProfileUuid;
				"PROVISIONING_PROFILE[sdk=iphoneos*]" = "E2D7C15A-21C7-41C7-908A-800E93EE262F";
			};
			name = Distribution;
		};
/* End XCBuildConfiguration section */

/* Begin XCConfigurationList section */
		1D6058960D05DD3E006BFB54 /* Build configuration list for PBXNativeTarget "iChm" */ = {
			isa = XCConfigurationList;
			buildConfigurations = (
				1D6058940D05DD3E006BFB54 /* Debug */,
				1D6058950D05DD3E006BFB54 /* Release */,
				C3F56AA10EB96D64007FA09E /* Distribution */,
			);
			defaultConfigurationIsVisible = 0;
			defaultConfigurationName = Release;
		};
		C01FCF4E08A954540054247B /* Build configuration list for PBXProject "iChm" */ = {
			isa = XCConfigurationList;
			buildConfigurations = (
				C01FCF4F08A954540054247B /* Debug */,
				C01FCF5008A954540054247B /* Release */,
				C3F56AA00EB96D64007FA09E /* Distribution */,
			);
			defaultConfigurationIsVisible = 0;
			defaultConfigurationName = Release;
		};
/* End XCConfigurationList section */
	};
	rootObject = 29B97313FDCFA39411CA2CEA /* Project object */;
}
